
Microsoft Visual Studio Solution File, Format Version 12.00
# Visual Studio 15
VisualStudioVersion = 15.0.27428.2015
MinimumVisualStudioVersion = 10.0.40219.1
Project("{FAE04EC0-301F-11D3-BF4B-00C04F79EFBC}") = "API", "API\API.csproj", "{7D750350-0A53-4924-96B3-EFD627752AE7}"
EndProject
Project("{FAE04EC0-301F-11D3-BF4B-00C04F79EFBC}") = "GUI", "GUI\GUI.csproj", "{9A9F3199-A6C6-4C4C-89E6-51ADA3AC927D}"
EndProject
Project("{FAE04EC0-301F-11D3-BF4B-00C04F79EFBC}") = "HRi", "HRi\HRi.csproj", "{FE0FAA41-AAA0-4DD1-A4FF-1C97EE5A433B}"
EndProject
Global
	GlobalSection(SolutionConfigurationPlatforms) = preSolution
		Debug|Any CPU = Debug|Any CPU
		Release|Any CPU = Release|Any CPU
	EndGlobalSection
	GlobalSection(ProjectConfigurationPlatforms) = postSolution
		{7D750350-0A53-4924-96B3-EFD627752AE7}.Debug|Any CPU.ActiveCfg = Debug|Any CPU
		{7D750350-0A53-4924-96B3-EFD627752AE7}.Debug|Any CPU.Build.0 = Debug|Any CPU
		{7D750350-0A53-4924-96B3-EFD627752AE7}.Release|Any CPU.ActiveCfg = Release|Any CPU
		{7D750350-0A53-4924-96B3-EFD627752AE7}.Release|Any CPU.Build.0 = Release|Any CPU
		{9A9F3199-A6C6-4C4C-89E6-51ADA3AC927D}.Debug|Any CPU.ActiveCfg = Debug|Any CPU
		{9A9F3199-A6C6-4C4C-89E6-51ADA3AC927D}.Debug|Any CPU.Build.0 = Debug|Any CPU
		{9A9F3199-A6C6-4C4C-89E6-51ADA3AC927D}.Release|Any CPU.ActiveCfg = Release|Any CPU
		{9A9F3199-A6C6-4C4C-89E6-51ADA3AC927D}.Release|Any CPU.Build.0 = Release|Any CPU
		{FE0FAA41-AAA0-4DD1-A4FF-1C97EE5A433B}.Debug|Any CPU.ActiveCfg = Debug|Any CPU
		{FE0FAA41-AAA0-4DD1-A4FF-1C97EE5A433B}.Debug|Any CPU.Build.0 = Debug|Any CPU
		{FE0FAA41-AAA0-4DD1-A4FF-1C97EE5A433B}.Release|Any CPU.ActiveCfg = Release|Any CPU
		{FE0FAA41-AAA0-4DD1-A4FF-1C97EE5A433B}.Release|Any CPU.Build.0 = Release|Any CPU
	EndGlobalSection
	GlobalSection(SolutionProperties) = preSolution
		HideSolutionNode = FALSE
	EndGlobalSection
	GlobalSection(ExtensibilityGlobals) = postSolution
		SolutionGuid = {E79F8C68-0CAF-418C-9894-FFD09B598157}
	EndGlobalSection
EndGlobal
